
Microsoft Visual Studio Solution File, Format Version 12.00
# Visual Studio Version 17
VisualStudioVersion = 17.2.32630.192
MinimumVisualStudioVersion = 10.0.40219.1
Project("{FAE04EC0-301F-11D3-BF4B-00C04F79EFBC}") = "AlaadinWebAPIs", "AlaadinWebAPIs.csproj", "{EFE0E0D0-D3A3-4356-9FF6-35B3250934AA}"
EndProject
Global
	GlobalSection(SolutionConfigurationPlatforms) = preSolution
		Debug|Any CPU = Debug|Any CPU
		Release|Any CPU = Release|Any CPU
	EndGlobalSection
	GlobalSection(ProjectConfigurationPlatforms) = postSolution
		{EFE0E0D0-D3A3-4356-9FF6-35B3250934AA}.Debug|Any CPU.ActiveCfg = Debug|Any CPU
		{EFE0E0D0-D3A3-4356-9FF6-35B3250934AA}.Debug|Any CPU.Build.0 = Debug|Any CPU
		{EFE0E0D0-D3A3-4356-9FF6-35B3250934AA}.Release|Any CPU.ActiveCfg = Release|Any CPU
		{EFE0E0D0-D3A3-4356-9FF6-35B3250934AA}.Release|Any CPU.Build.0 = Release|Any CPU
	EndGlobalSection
	GlobalSection(SolutionProperties) = preSolution
		HideSolutionNode = FALSE
	EndGlobalSection
	GlobalSection(ExtensibilityGlobals) = postSolution
		SolutionGuid = {F9C64DD0-7757-4241-837E-F5E62A15033C}
	EndGlobalSection
EndGlobal
